{
  "nodes": {
    "nixpkgs": {
      "locked": {
        "lastModified": 1751984180,
        "narHash": "sha256-LwWRsENAZJKUdD3SpLluwDmdXY9F45ZEgCb0X+xgOL0=",
        "owner": "nixos",
        "repo": "nixpkgs",
        "rev": "9807714d6944a957c2e036f84b0ff8caf9930bc0",
        "type": "github"
      },
      "original": {
        "owner": "nixos",
        "ref": "nixos-unstable",
        "repo": "nixpkgs",
        "type": "github"
      }
    },
    "root": {
      "inputs": {
        "nixpkgs": "nixpkgs",
        "zarf": "zarf"
      }
    },
    "zarf": {
      "flake": false,
      "locked": {
        "narHash": "sha256-tq58sZhtMYyZ52g1dOd6QyYk49k1+LDqP82gzVVf8c4=",
        "type": "file",
        "url": "https://github.com/zarf-dev/zarf/releases/download/v0.58.0/zarf_v0.58.0_Linux_amd64"
      },
      "original": {
        "type": "file",
        "url": "https://github.com/zarf-dev/zarf/releases/download/v0.58.0/zarf_v0.58.0_Linux_amd64"
      }
    }
  },
  "root": "root",
  "version": 7
}
